<?xml version="1.0" encoding="utf-8"?>
<Project ToolsVersion="4.0" xmlns="http://schemas.microsoft.com/developer/msbuild/2003">
  <ItemGroup>
    <Filter Include="Source Files">
      <UniqueIdentifier>{4FC737F1-C7A5-4376-A066-2A32D752A2FF}</UniqueIdentifier>
      <Extensions>cpp;c;cc;cxx;def;odl;idl;hpj;bat;asm;asmx</Extensions>
    </Filter>
    <Filter Include="Header Files">
      <UniqueIdentifier>{93995380-89BD-4b04-88EB-625FBE52EBFB}</UniqueIdentifier>
      <Extensions>h;hpp;hxx;hm;inl;inc;xsd</Extensions>
    </Filter>
    <Filter Include="Resource Files">
      <UniqueIdentifier>{67DA6AB6-F800-4c08-8B7A-83BB121AAD01}</UniqueIdentifier>
      <Extensions>rc;ico;cur;bmp;dlg;rc2;rct;bin;rgs;gif;jpg;jpeg;jpe;resx;tiff;tif;png;wav</Extensions>
    </Filter>
    <Filter Include="Source Files\selftest">
      <UniqueIdentifier>{e9eb2c98-a43d-4ec7-b155-5e0ad977bc4a}</UniqueIdentifier>
    </Filter>
  </ItemGroup>
  <ItemGroup>
    <ClCompile Include="memory.c">
      <Filter>Source Files</Filter>
    </ClCompile>
    <ClCompile Include="rcu.c">
      <Filter>Source Files</Filter>
    </ClCompile>
    <ClCompile Include="crypto.c">
      <Filter>Source Files</Filter>
    </ClCompile>
    <ClCompile Include="allowedips.c">
      <Filter>Source Files</Filter>
    </ClCompile>
    <ClCompile Include="selftest\allowedips.c">
      <Filter>Source Files\selftest</Filter>
    </ClCompile>
    <ClCompile Include="peer.c">
      <Filter>Source Files</Filter>
    </ClCompile>
    <ClCompile Include="timers.c">
      <Filter>Source Files</Filter>
    </ClCompile>
    <ClCompile Include="cookie.c">
      <Filter>Source Files</Filter>
    </ClCompile>
    <ClCompile Include="ratelimiter.c">
      <Filter>Source Files</Filter>
    </ClCompile>
    <ClCompile Include="selftest\ratelimiter.c">
      <Filter>Source Files\selftest</Filter>
    </ClCompile>
    <ClCompile Include="peerlookup.c">
      <Filter>Source Files</Filter>
    </ClCompile>
    <ClCompile Include="noise.c">
      <Filter>Source Files</Filter>
    </ClCompile>
    <ClCompile Include="queueing.c">
      <Filter>Source Files</Filter>
    </ClCompile>
    <ClCompile Include="ioctl.c">
      <Filter>Source Files</Filter>
    </ClCompile>
    <ClCompile Include="send.c">
      <Filter>Source Files</Filter>
    </ClCompile>
    <ClCompile Include="receive.c">
      <Filter>Source Files</Filter>
    </ClCompile>
    <ClCompile Include="selftest\counter.c">
      <Filter>Source Files\selftest</Filter>
    </ClCompile>
    <ClCompile Include="socket.c">
      <Filter>Source Files</Filter>
    </ClCompile>
    <ClCompile Include="device.c">
      <Filter>Source Files</Filter>
    </ClCompile>
    <ClCompile Include="main.c">
      <Filter>Source Files</Filter>
    </ClCompile>
    <ClCompile Include="logging.c">
      <Filter>Source Files</Filter>
    </ClCompile>
    <ClCompile Include="selftest\chacha20poly1305.c">
      <Filter>Source Files\selftest</Filter>
    </ClCompile>
  </ItemGroup>
  <ItemGroup>
    <ResourceCompile Include="wireguard.rc">
      <Filter>Resource Files</Filter>
    </ResourceCompile>
  </ItemGroup>
  <ItemGroup>
    <Inf Include="wireguard.inf">
      <Filter>Source Files</Filter>
    </Inf>
  </ItemGroup>
  <ItemGroup>
    <ClInclude Include="undocumented.h">
      <Filter>Header Files</Filter>
    </ClInclude>
    <ClInclude Include="memory.h">
      <Filter>Header Files</Filter>
    </ClInclude>
    <ClInclude Include="rcu.h">
      <Filter>Header Files</Filter>
    </ClInclude>
    <ClInclude Include="crypto.h">
      <Filter>Header Files</Filter>
    </ClInclude>
    <ClInclude Include="allowedips.h">
      <Filter>Header Files</Filter>
    </ClInclude>
    <ClInclude Include="cookie.h">
      <Filter>Header Files</Filter>
    </ClInclude>
    <ClInclude Include="device.h">
      <Filter>Header Files</Filter>
    </ClInclude>
    <ClInclude Include="messages.h">
      <Filter>Header Files</Filter>
    </ClInclude>
    <ClInclude Include="noise.h">
      <Filter>Header Files</Filter>
    </ClInclude>
    <ClInclude Include="peer.h">
      <Filter>Header Files</Filter>
    </ClInclude>
    <ClInclude Include="peerlookup.h">
      <Filter>Header Files</Filter>
    </ClInclude>
    <ClInclude Include="queueing.h">
      <Filter>Header Files</Filter>
    </ClInclude>
    <ClInclude Include="ratelimiter.h">
      <Filter>Header Files</Filter>
    </ClInclude>
    <ClInclude Include="socket.h">
      <Filter>Header Files</Filter>
    </ClInclude>
    <ClInclude Include="timers.h">
      <Filter>Header Files</Filter>
    </ClInclude>
    <ClInclude Include="ioctl.h">
      <Filter>Header Files</Filter>
    </ClInclude>
    <ClInclude Include="interlocked.h">
      <Filter>Header Files</Filter>
    </ClInclude>
    <ClInclude Include="containers.h">
      <Filter>Header Files</Filter>
    </ClInclude>
    <ClInclude Include="arithmetic.h">
      <Filter>Header Files</Filter>
    </ClInclude>
    <ClInclude Include="logging.h">
      <Filter>Header Files</Filter>
    </ClInclude>
  </ItemGroup>
  <ItemGroup>
    <MASM Include="crypto-amd64.asm">
      <Filter>Source Files</Filter>
    </MASM>
  </ItemGroup>
</Project>